// !$*UTF8*$!
{
	archiveVersion = 1;
	classes = {
	};
	objectVersion = 46;
	objects = {

/* Begin PBXBuildFile section */
		8860665C1D6558D100AB9E40 /* AppDelegate.swift in Sources */ = {isa = PBXBuildFile; fileRef = 8860665B1D6558D100AB9E40 /* AppDelegate.swift */; };
		8860665E1D6558D100AB9E40 /* ViewController.swift in Sources */ = {isa = PBXBuildFile; fileRef = 8860665D1D6558D100AB9E40 /* ViewController.swift */; };
		886066611D6558D100AB9E40 /* Main.storyboard in Resources */ = {isa = PBXBuildFile; fileRef = 8860665F1D6558D100AB9E40 /* Main.storyboard */; };
		886066631D6558D100AB9E40 /* Assets.xcassets in Resources */ = {isa = PBXBuildFile; fileRef = 886066621D6558D100AB9E40 /* Assets.xcassets */; };
		886066661D6558D100AB9E40 /* LaunchScreen.storyboard in Resources */ = {isa = PBXBuildFile; fileRef = 886066641D6558D100AB9E40 /* LaunchScreen.storyboard */; };
/* End PBXBuildFile section */

/* Begin PBXFileReference section */
		886066581D6558D100AB9E40 /* TestPhysics.app */ = {isa = PBXFileReference; explicitFileType = wrapper.application; includeInIndex = 0; path = TestPhysics.app; sourceTree = BUILT_PRODUCTS_DIR; };
		8860665B1D6558D100AB9E40 /* AppDelegate.swift */ = {isa = PBXFileReference; lastKnownFileType = sourcecode.swift; path = AppDelegate.swift; sourceTree = "<group>"; };
		8860665D1D6558D100AB9E40 /* ViewController.swift */ = {isa = PBXFileReference; lastKnownFileType = sourcecode.swift; path = ViewController.swift; sourceTree = "<group>"; };
		886066601D6558D100AB9E40 /* Base */ = {isa = PBXFileReference; lastKnownFileType = file.storyboard; name = Base; path = Base.lproj/Main.storyboard; sourceTree = "<group>"; };
		886066621D6558D100AB9E40 /* Assets.xcassets */ = {isa = PBXFileReference; lastKnownFileType = folder.assetcatalog; path = Assets.xcassets; sourceTree = "<group>"; };
		886066651D6558D100AB9E40 /* Base */ = {isa = PBXFileReference; lastKnownFileType = file.storyboard; name = Base; path = Base.lproj/LaunchScreen.storyboard; sourceTree = "<group>"; };
		886066671D6558D100AB9E40 /* Info.plist */ = {isa = PBXFileReference; lastKnownFileType = text.plist.xml; path = Info.plist; sourceTree = "<group>"; };
/* End PBXFileReference section */

/* Begin PBXFrameworksBuildPhase section */
		886066551D6558D100AB9E40 /* Frameworks */ = {
			isa = PBXFrameworksBuildPhase;
			buildActionMask = 2147483647;
			files = (
			);
			runOnlyForDeploymentPostprocessing = 0;
		};
/* End PBXFrameworksBuildPhase section */

/* Begin PBXGroup section */
		8860664F1D6558D100AB9E40 = {
			isa = PBXGroup;
			children = (
				8860665A1D6558D100AB9E40 /* TestPhysics */,
				886066591D6558D100AB9E40 /* Products */,
			);
			sourceTree = "<group>";
		};
		886066591D6558D100AB9E40 /* Products */ = {
			isa = PBXGroup;
			children = (
				886066581D6558D100AB9E40 /* TestPhysics.app */,
			);
			name = Products;
			sourceTree = "<group>";
		};
		8860665A1D6558D100AB9E40 /* TestPhysics */ = {
			isa = PBXGroup;
			children = (
				8860665B1D6558D100AB9E40 /* AppDelegate.swift */,
				8860665D1D6558D100AB9E40 /* ViewController.swift */,
				8860665F1D6558D100AB9E40 /* Main.storyboard */,
				886066621D6558D100AB9E40 /* Assets.xcassets */,
				886066641D6558D100AB9E40 /* LaunchScreen.storyboard */,
				886066671D6558D100AB9E40 /* Info.plist */,
			);
			path = TestPhysics;
			sourceTree = "<group>";
		};
/* End PBXGroup section */

/* Begin PBXNativeTarget section */
		886066571D6558D100AB9E40 /* TestPhysics */ = {
			isa = PBXNativeTarget;
			buildConfigurationList = 8860666A1D6558D100AB9E40 /* Build configuration list for PBXNativeTarget "TestPhysics" */;
			buildPhases = (
				886066541D6558D100AB9E40 /* Sources */,
				886066551D6558D100AB9E40 /* Frameworks */,
				886066561D6558D100AB9E40 /* Resources */,
			);
			buildRules = (
			);
			dependencies = (
			);
			name = TestPhysics;
			productName = TestPhysics;
			productReference = 886066581D6558D100AB9E40 /* TestPhysics.app */;
			productType = "com.apple.product-type.application";
		};
/* End PBXNativeTarget section */

/* Begin PBXProject section */
		886066501D6558D100AB9E40 /* Project object */ = {
			isa = PBXProject;
			attributes = {
				LastSwiftUpdateCheck = 0730;
				LastUpgradeCheck = 0730;
				ORGANIZATIONNAME = TestOrganization;
				TargetAttributes = {
					886066571D6558D100AB9E40 = {
						CreatedOnToolsVersion = 7.3.1;
					};
				};
			};
			buildConfigurationList = 886066531D6558D100AB9E40 /* Build configuration list for PBXProject "TestPhysics" */;
			compatibilityVersion = "Xcode 3.2";
			developmentRegion = English;
			hasScannedForEncodings = 0;
			knownRegions = (
				en,
				Base,
			);
			mainGroup = 8860664F1D6558D100AB9E40;
			productRefGroup = 886066591D6558D100AB9E40 /* Products */;
			projectDirPath = "";
			projectRoot = "";
			targets = (
				886066571D6558D100AB9E40 /* TestPhysics */,
			);
		};
/* End PBXProject section */

/* Begin PBXResourcesBuildPhase section */
		886066561D6558D100AB9E40 /* Resources */ = {
			isa = PBXResourcesBuildPhase;
			buildActionMask = 2147483647;
			files = (
				886066661D6558D100AB9E40 /* LaunchScreen.storyboard in Resources */,
				886066631D6558D100AB9E40 /* Assets.xcassets in Resources */,
				886066611D6558D100AB9E40 /* Main.storyboard in Resources */,
			);
			runOnlyForDeploymentPostprocessing = 0;
		};
/* End PBXResourcesBuildPhase section */

/* Begin PBXSourcesBuildPhase section */
		886066541D6558D100AB9E40 /* Sources */ = {
			isa = PBXSourcesBuildPhase;
			buildActionMask = 2147483647;
			files = (
				8860665E1D6558D100AB9E40 /* ViewController.swift in Sources */,
				8860665C1D6558D100AB9E40 /* AppDelegate.swift in Sources */,
			);
			runOnlyForDeploymentPostprocessing = 0;
		};
/* End PBXSourcesBuildPhase section */

/* Begin PBXVariantGroup section */
		8860665F1D6558D100AB9E40 /* Main.storyboard */ = {
			isa = PBXVariantGroup;
			children = (
				886066601D6558D100AB9E40 /* Base */,
			);
			name = Main.storyboard;
			sourceTree = "<group>";
		};
		886066641D6558D100AB9E40 /* LaunchScreen.storyboard */ = {
			isa = PBXVariantGroup;
			children = (
				886066651D6558D100AB9E40 /* Base */,
			);
			name = LaunchScreen.storyboard;
			sourceTree = "<group>";
		};
/* End PBXVariantGroup section */

/* Begin XCBuildConfiguration section */
		886066681D6558D100AB9E40 /* Debug */ = {
			isa = XCBuildConfiguration;
			buildSettings = {
				ALWAYS_SEARCH_USER_PATHS = NO;
				CLANG_ANALYZER_NONNULL = YES;
				CLANG_CXX_LANGUAGE_STANDARD = "gnu++0x";
				CLANG_CXX_LIBRARY = "libc++";
				CLANG_ENABLE_MODULES = YES;
				CLANG_ENABLE_OBJC_ARC = YES;
				CLANG_WARN_BOOL_CONVERSION = YES;
				CLANG_WARN_CONSTANT_CONVERSION = YES;
				CLANG_WARN_DIRECT_OBJC_ISA_USAGE = YES_ERROR;
				CLANG_WARN_EMPTY_BODY = YES;
				CLANG_WARN_ENUM_CONVERSION = YES;
				CLANG_WARN_INT_CONVERSION = YES;
				CLANG_WARN_OBJC_ROOT_CLASS = YES_ERROR;
				CLANG_WARN_UNREACHABLE_CODE = YES;
				CLANG_WARN__DUPLICATE_METHOD_MATCH = YES;
				"CODE_SIGN_IDENTITY[sdk=iphoneos*]" = "iPhone Developer";
				COPY_PHASE_STRIP = NO;
				DEBUG_INFORMATION_FORMAT = dwarf;
				ENABLE_STRICT_OBJC_MSGSEND = YES;
				ENABLE_TESTABILITY = YES;
				GCC_C_LANGUAGE_STANDARD = gnu99;
				GCC_DYNAMIC_NO_PIC = NO;
				GCC_NO_COMMON_BLOCKS = YES;
				GCC_OPTIMIZATION_LEVEL = 0;
				GCC_PREPROCESSOR_DEFINITIONS = (
					"DEBUG=1",
					"$(inherited)",
				);
				GCC_WARN_64_TO_32_BIT_CONVERSION = YES;
				GCC_WARN_ABOUT_RETURN_TYPE = YES_ERROR;
				GCC_WARN_UNDECLARED_SELECTOR = YES;
				GCC_WARN_UNINITIALIZED_AUTOS = YES_AGGRESSIVE;
				GCC_WARN_UNUSED_FUNCTION = YES;
				GCC_WARN_UNUSED_VARIABLE = YES;
				IPHONEOS_DEPLOYMENT_TARGET = 9.3;
				MTL_ENABLE_DEBUG_INFO = YES;
				ONLY_ACTIVE_ARCH = YES;
				SDKROOT = iphoneos;
				SWIFT_OPTIMIZATION_LEVEL = "-Onone";
			};
			name = Debug;
		};
		886066691D6558D100AB9E40 /* Release */ = {
			isa = XCBuildConfiguration;
			buildSettings = {
				ALWAYS_SEARCH_USER_PATHS = NO;
				CLANG_ANALYZER_NONNULL = YES;
				CLANG_CXX_LANGUAGE_STANDARD = "gnu++0x";
				CLANG_CXX_LIBRARY = "libc++";
				CLANG_ENABLE_MODULES = YES;
				CLANG_ENABLE_OBJC_ARC = YES;
				CLANG_WARN_BOOL_CONVERSION = YES;
				CLANG_WARN_CONSTANT_CONVERSION = YES;
				CLANG_WARN_DIRECT_OBJC_ISA_USAGE = YES_ERROR;
				CLANG_WARN_EMPTY_BODY = YES;
				CLANG_WARN_ENUM_CONVERSION = YES;
				CLANG_WARN_INT_CONVERSION = YES;
				CLANG_WARN_OBJC_ROOT_CLASS = YES_ERROR;
				CLANG_WARN_UNREACHABLE_CODE = YES;
				CLANG_WARN__DUPLICATE_METHOD_MATCH = YES;
				"CODE_SIGN_IDENTITY[sdk=iphoneos*]" = "iPhone Developer";
				COPY_PHASE_STRIP = NO;
				DEBUG_INFORMATION_FORMAT = "dwarf-with-dsym";
				ENABLE_NS_ASSERTIONS = NO;
				ENABLE_STRICT_OBJC_MSGSEND = YES;
				GCC_C_LANGUAGE_STANDARD = gnu99;
				GCC_NO_COMMON_BLOCKS = YES;
				GCC_WARN_64_TO_32_BIT_CONVERSION = YES;
				GCC_WARN_ABOUT_RETURN_TYPE = YES_ERROR;
				GCC_WARN_UNDECLARED_SELECTOR = YES;
				GCC_WARN_UNINITIALIZED_AUTOS = YES_AGGRESSIVE;
				GCC_WARN_UNUSED_FUNCTION = YES;
				GCC_WARN_UNUSED_VARIABLE = YES;
				IPHONEOS_DEPLOYMENT_TARGET = 9.3;
				MTL_ENABLE_DEBUG_INFO = NO;
				SDKROOT = iphoneos;
				VALIDATE_PRODUCT = YES;
			};
			name = Release;
		};
		8860666B1D6558D100AB9E40 /* Debug */ = {
			isa = XCBuildConfiguration;
			buildSettings = {
				ASSETCATALOG_COMPILER_APPICON_NAME = AppIcon;
				INFOPLIST_FILE = TestPhysics/Info.plist;
				LD_RUNPATH_SEARCH_PATHS = "$(inherited) @executable_path/Frameworks";
				PRODUCT_BUNDLE_IDENTIFIER = com.test.TestPhysics;
				PRODUCT_NAME = "$(TARGET_NAME)";
			};
			name = Debug;
		};
		8860666C1D6558D100AB9E40 /* Release */ = {
			isa = XCBuildConfiguration;
			buildSettings = {
				ASSETCATALOG_COMPILER_APPICON_NAME = AppIcon;
				INFOPLIST_FILE = TestPhysics/Info.plist;
				LD_RUNPATH_SEARCH_PATHS = "$(inherited) @executable_path/Frameworks";
				PRODUCT_BUNDLE_IDENTIFIER = com.test.TestPhysics;
				PRODUCT_NAME = "$(TARGET_NAME)";
			};
			name = Release;
		};
/* End XCBuildConfiguration section */

/* Begin XCConfigurationList section */
		886066531D6558D100AB9E40 /* Build configuration list for PBXProject "TestPhysics" */ = {
			isa = XCConfigurationList;
			buildConfigurations = (
				886066681D6558D100AB9E40 /* Debug */,
				886066691D6558D100AB9E40 /* Release */,
			);
			defaultConfigurationIsVisible = 0;
			defaultConfigurationName = Release;
		};
		8860666A1D6558D100AB9E40 /* Build configuration list for PBXNativeTarget "TestPhysics" */ = {
			isa = XCConfigurationList;
			buildConfigurations = (
				8860666B1D6558D100AB9E40 /* Debug */,
				8860666C1D6558D100AB9E40 /* Release */,
			);
			defaultConfigurationIsVisible = 0;
		};
/* End XCConfigurationList section */
	};
	rootObject = 886066501D6558D100AB9E40 /* Project object */;
}
